---
mruby_version:
  version: 2.1.2
  release_no: 20102
builds:
  host:
    https://github.com/mattn/mruby-http.git:
      url: https://github.com/mattn/mruby-http.git
      branch: HEAD
      commit: 003c2af0a059c50a3546001860108ff4bf3a2cac
      version: 0.0.0
    https://github.com/katzer/mruby-shelf.git:
      url: https://github.com/katzer/mruby-shelf.git
      branch: HEAD
      commit: 3bf2bc69eaceb4555ded37081e61c247808e6d88
      version: 0.0.0
    https://github.com/ksss/mruby-stringio.git:
      url: https://github.com/ksss/mruby-stringio.git
      branch: HEAD
      commit: 97cc4434519e85a0785a1b4cf6f872a220f772db
      version: 0.0.0
    https://github.com/katzer/mruby-process.git:
      url: https://github.com/katzer/mruby-process.git
      branch: HEAD
      commit: 03a4f8110b4d32b5ff56f78560c255e80dcf9219
      version: 0.0.0
    https://github.com/katzer/mruby-r3.git:
      url: https://github.com/katzer/mruby-r3.git
      branch: HEAD
      commit: c5b5ae647a8f04a86b4cd519273ba243bd459aec
      version: 0.0.0
    https://github.com/iij/mruby-env.git:
      url: https://github.com/iij/mruby-env.git
      branch: HEAD
      commit: 056ae324451ef16a50c7887e117f0ea30921b71b
      version: 0.0.0
    https://github.com/katzer/mruby-os.git:
      url: https://github.com/katzer/mruby-os.git
      branch: HEAD
      commit: 8e6e1dca8284f142bea681bfe032ebe7bae3851a
      version: 0.0.0
