---
mruby_version:
  version: 2.1.2
  release_no: 20102
builds:
  host:
    https://github.com/mattn/mruby-http.git:
      url: https://github.com/mattn/mruby-http.git
      branch: HEAD
      commit: dfabda4dc0fa8581a8760097c0cb79d4395199a5
      version: 0.0.0
    https://github.com/katzer/mruby-shelf.git:
      url: https://github.com/katzer/mruby-shelf.git
      branch: HEAD
      commit: fe72d925b71576cfd05aed35829759c67988a068
      version: 0.0.0
    https://github.com/appPlant/mruby-process.git:
      url: https://github.com/appPlant/mruby-process.git
      branch: HEAD
      commit: d9e4913005958950ced5505238ba71c28d10f3a4
      version: 0.0.0
    https://github.com/katzer/mruby-r3.git:
      url: https://github.com/katzer/mruby-r3.git
      branch: HEAD
      commit: 185455010e82fdc491ded1c705b2c0521bb266ba
      version: 0.0.0
    https://github.com/iij/mruby-env.git:
      url: https://github.com/iij/mruby-env.git
      branch: HEAD
      commit: 056ae324451ef16a50c7887e117f0ea30921b71b
      version: 0.0.0
    https://github.com/appPlant/mruby-os.git:
      url: https://github.com/appPlant/mruby-os.git
      branch: HEAD
      commit: 89523f3a2a4e800c394165695e12b3d92d5775a1
      version: 0.0.0
